// !$*UTF8*$!
{
	archiveVersion = 1;
	classes = {
	};
	objectVersion = 56;
	objects = {

/* Begin PBXBuildFile section */
		4C4A9AC0294E54CC00C0B279 /* NategaApp.swift in Sources */ = {isa = PBXBuildFile; fileRef = 4C4A9ABF294E54CC00C0B279 /* NategaApp.swift */; };
		4C4A9AC2294E54CC00C0B279 /* HomeView.swift in Sources */ = {isa = PBXBuildFile; fileRef = 4C4A9AC1294E54CC00C0B279 /* HomeView.swift */; };
		4C4A9AC4294E54CD00C0B279 /* Assets.xcassets in Resources */ = {isa = PBXBuildFile; fileRef = 4C4A9AC3294E54CD00C0B279 /* Assets.xcassets */; };
		4C4A9AC7294E54CD00C0B279 /* Preview Assets.xcassets in Resources */ = {isa = PBXBuildFile; fileRef = 4C4A9AC6294E54CD00C0B279 /* Preview Assets.xcassets */; };
		4C4A9AD1294E5E5F00C0B279 /* KatamerosAPI.swift in Sources */ = {isa = PBXBuildFile; fileRef = 4C4A9AD0294E5E5F00C0B279 /* KatamerosAPI.swift */; };
		4C4A9AD6294E631C00C0B279 /* FeastModel.swift in Sources */ = {isa = PBXBuildFile; fileRef = 4C4A9AD5294E631C00C0B279 /* FeastModel.swift */; };
		4C4A9AD8294E660700C0B279 /* KatamerosRepository.swift in Sources */ = {isa = PBXBuildFile; fileRef = 4C4A9AD7294E660700C0B279 /* KatamerosRepository.swift */; };
		4C4A9ADA294E66BB00C0B279 /* LoadFeastInfoUseCase.swift in Sources */ = {isa = PBXBuildFile; fileRef = 4C4A9AD9294E66BB00C0B279 /* LoadFeastInfoUseCase.swift */; };
		4C4A9ADD294E6D5B00C0B279 /* Assembler.swift in Sources */ = {isa = PBXBuildFile; fileRef = 4C4A9ADC294E6D5B00C0B279 /* Assembler.swift */; };
		4C4A9AE2294E6DCB00C0B279 /* HomeAssembler.swift in Sources */ = {isa = PBXBuildFile; fileRef = 4C4A9AE1294E6DCB00C0B279 /* HomeAssembler.swift */; };
		4C4A9AE4294E6F1B00C0B279 /* HomeViewModel.swift in Sources */ = {isa = PBXBuildFile; fileRef = 4C4A9AE3294E6F1B00C0B279 /* HomeViewModel.swift */; };
		4C4A9AE6294E722600C0B279 /* AppCompositionRoot.swift in Sources */ = {isa = PBXBuildFile; fileRef = 4C4A9AE5294E722600C0B279 /* AppCompositionRoot.swift */; };
		4C4A9AEA2953818500C0B279 /* Date+Extensions.swift in Sources */ = {isa = PBXBuildFile; fileRef = 4C4A9AE92953818500C0B279 /* Date+Extensions.swift */; };
		4C4A9AED29575C2C00C0B279 /* UIImageColors in Frameworks */ = {isa = PBXBuildFile; productRef = 4C4A9AEC29575C2C00C0B279 /* UIImageColors */; };
/* End PBXBuildFile section */

/* Begin PBXFileReference section */
		4C4A9ABC294E54CC00C0B279 /* Natega.app */ = {isa = PBXFileReference; explicitFileType = wrapper.application; includeInIndex = 0; path = Natega.app; sourceTree = BUILT_PRODUCTS_DIR; };
		4C4A9ABF294E54CC00C0B279 /* NategaApp.swift */ = {isa = PBXFileReference; lastKnownFileType = sourcecode.swift; path = NategaApp.swift; sourceTree = "<group>"; };
		4C4A9AC1294E54CC00C0B279 /* HomeView.swift */ = {isa = PBXFileReference; lastKnownFileType = sourcecode.swift; path = HomeView.swift; sourceTree = "<group>"; };
		4C4A9AC3294E54CD00C0B279 /* Assets.xcassets */ = {isa = PBXFileReference; lastKnownFileType = folder.assetcatalog; path = Assets.xcassets; sourceTree = "<group>"; };
		4C4A9AC6294E54CD00C0B279 /* Preview Assets.xcassets */ = {isa = PBXFileReference; lastKnownFileType = folder.assetcatalog; path = "Preview Assets.xcassets"; sourceTree = "<group>"; };
		4C4A9AD0294E5E5F00C0B279 /* KatamerosAPI.swift */ = {isa = PBXFileReference; lastKnownFileType = sourcecode.swift; path = KatamerosAPI.swift; sourceTree = "<group>"; };
		4C4A9AD5294E631C00C0B279 /* FeastModel.swift */ = {isa = PBXFileReference; lastKnownFileType = sourcecode.swift; path = FeastModel.swift; sourceTree = "<group>"; };
		4C4A9AD7294E660700C0B279 /* KatamerosRepository.swift */ = {isa = PBXFileReference; lastKnownFileType = sourcecode.swift; path = KatamerosRepository.swift; sourceTree = "<group>"; };
		4C4A9AD9294E66BB00C0B279 /* LoadFeastInfoUseCase.swift */ = {isa = PBXFileReference; lastKnownFileType = sourcecode.swift; path = LoadFeastInfoUseCase.swift; sourceTree = "<group>"; };
		4C4A9ADC294E6D5B00C0B279 /* Assembler.swift */ = {isa = PBXFileReference; lastKnownFileType = sourcecode.swift; path = Assembler.swift; sourceTree = "<group>"; };
		4C4A9AE1294E6DCB00C0B279 /* HomeAssembler.swift */ = {isa = PBXFileReference; lastKnownFileType = sourcecode.swift; path = HomeAssembler.swift; sourceTree = "<group>"; };
		4C4A9AE3294E6F1B00C0B279 /* HomeViewModel.swift */ = {isa = PBXFileReference; lastKnownFileType = sourcecode.swift; path = HomeViewModel.swift; sourceTree = "<group>"; };
		4C4A9AE5294E722600C0B279 /* AppCompositionRoot.swift */ = {isa = PBXFileReference; lastKnownFileType = sourcecode.swift; path = AppCompositionRoot.swift; sourceTree = "<group>"; };
		4C4A9AE7294E781F00C0B279 /* Info.plist */ = {isa = PBXFileReference; lastKnownFileType = text.plist; path = Info.plist; sourceTree = "<group>"; };
		4C4A9AE92953818500C0B279 /* Date+Extensions.swift */ = {isa = PBXFileReference; lastKnownFileType = sourcecode.swift; path = "Date+Extensions.swift"; sourceTree = "<group>"; };
/* End PBXFileReference section */

/* Begin PBXFrameworksBuildPhase section */
		4C4A9AB9294E54CC00C0B279 /* Frameworks */ = {
			isa = PBXFrameworksBuildPhase;
			buildActionMask = 2147483647;
			files = (
				4C4A9AED29575C2C00C0B279 /* UIImageColors in Frameworks */,
			);
			runOnlyForDeploymentPostprocessing = 0;
		};
/* End PBXFrameworksBuildPhase section */

/* Begin PBXGroup section */
		4C4A9AB3294E54CC00C0B279 = {
			isa = PBXGroup;
			children = (
				4C4A9ABE294E54CC00C0B279 /* Natega */,
				4C4A9ABD294E54CC00C0B279 /* Products */,
			);
			sourceTree = "<group>";
		};
		4C4A9ABD294E54CC00C0B279 /* Products */ = {
			isa = PBXGroup;
			children = (
				4C4A9ABC294E54CC00C0B279 /* Natega.app */,
			);
			name = Products;
			sourceTree = "<group>";
		};
		4C4A9ABE294E54CC00C0B279 /* Natega */ = {
			isa = PBXGroup;
			children = (
				4C4A9AE82953817900C0B279 /* Utils */,
				4C4A9AE7294E781F00C0B279 /* Info.plist */,
				4C4A9ADE294E6D9700C0B279 /* Presentation */,
				4C4A9ADB294E676000C0B279 /* Main */,
				4C4A9AD2294E620800C0B279 /* Domain */,
				4C4A9ACD294E5DAA00C0B279 /* Data */,
				4C4A9ABF294E54CC00C0B279 /* NategaApp.swift */,
				4C4A9AC3294E54CD00C0B279 /* Assets.xcassets */,
				4C4A9AC5294E54CD00C0B279 /* Preview Content */,
			);
			path = Natega;
			sourceTree = "<group>";
		};
		4C4A9AC5294E54CD00C0B279 /* Preview Content */ = {
			isa = PBXGroup;
			children = (
				4C4A9AC6294E54CD00C0B279 /* Preview Assets.xcassets */,
			);
			path = "Preview Content";
			sourceTree = "<group>";
		};
		4C4A9ACD294E5DAA00C0B279 /* Data */ = {
			isa = PBXGroup;
			children = (
				4C4A9ACE294E5DB100C0B279 /* API */,
				4C4A9ACF294E5DB900C0B279 /* Gateways */,
			);
			path = Data;
			sourceTree = "<group>";
		};
		4C4A9ACE294E5DB100C0B279 /* API */ = {
			isa = PBXGroup;
			children = (
				4C4A9AD0294E5E5F00C0B279 /* KatamerosAPI.swift */,
			);
			path = API;
			sourceTree = "<group>";
		};
		4C4A9ACF294E5DB900C0B279 /* Gateways */ = {
			isa = PBXGroup;
			children = (
				4C4A9AD7294E660700C0B279 /* KatamerosRepository.swift */,
			);
			path = Gateways;
			sourceTree = "<group>";
		};
		4C4A9AD2294E620800C0B279 /* Domain */ = {
			isa = PBXGroup;
			children = (
				4C4A9AD4294E621E00C0B279 /* Entities */,
				4C4A9AD3294E621100C0B279 /* UseCases */,
			);
			path = Domain;
			sourceTree = "<group>";
		};
		4C4A9AD3294E621100C0B279 /* UseCases */ = {
			isa = PBXGroup;
			children = (
				4C4A9AD9294E66BB00C0B279 /* LoadFeastInfoUseCase.swift */,
			);
			path = UseCases;
			sourceTree = "<group>";
		};
		4C4A9AD4294E621E00C0B279 /* Entities */ = {
			isa = PBXGroup;
			children = (
				4C4A9AD5294E631C00C0B279 /* FeastModel.swift */,
			);
			path = Entities;
			sourceTree = "<group>";
		};
		4C4A9ADB294E676000C0B279 /* Main */ = {
			isa = PBXGroup;
			children = (
				4C4A9ADC294E6D5B00C0B279 /* Assembler.swift */,
				4C4A9AE5294E722600C0B279 /* AppCompositionRoot.swift */,
			);
			path = Main;
			sourceTree = "<group>";
		};
		4C4A9ADE294E6D9700C0B279 /* Presentation */ = {
			isa = PBXGroup;
			children = (
				4C4A9ADF294E6DA600C0B279 /* Screens */,
			);
			path = Presentation;
			sourceTree = "<group>";
		};
		4C4A9ADF294E6DA600C0B279 /* Screens */ = {
			isa = PBXGroup;
			children = (
				4C4A9AE0294E6DC000C0B279 /* Home */,
			);
			path = Screens;
			sourceTree = "<group>";
		};
		4C4A9AE0294E6DC000C0B279 /* Home */ = {
			isa = PBXGroup;
			children = (
				4C4A9AC1294E54CC00C0B279 /* HomeView.swift */,
				4C4A9AE1294E6DCB00C0B279 /* HomeAssembler.swift */,
				4C4A9AE3294E6F1B00C0B279 /* HomeViewModel.swift */,
			);
			path = Home;
			sourceTree = "<group>";
		};
		4C4A9AE82953817900C0B279 /* Utils */ = {
			isa = PBXGroup;
			children = (
				4C4A9AE92953818500C0B279 /* Date+Extensions.swift */,
			);
			path = Utils;
			sourceTree = "<group>";
		};
/* End PBXGroup section */

/* Begin PBXNativeTarget section */
		4C4A9ABB294E54CC00C0B279 /* Natega */ = {
			isa = PBXNativeTarget;
			buildConfigurationList = 4C4A9ACA294E54CD00C0B279 /* Build configuration list for PBXNativeTarget "Natega" */;
			buildPhases = (
				4C4A9AB8294E54CC00C0B279 /* Sources */,
				4C4A9AB9294E54CC00C0B279 /* Frameworks */,
				4C4A9ABA294E54CC00C0B279 /* Resources */,
			);
			buildRules = (
			);
			dependencies = (
			);
			name = Natega;
			packageProductDependencies = (
				4C4A9AEC29575C2C00C0B279 /* UIImageColors */,
			);
			productName = Natega;
			productReference = 4C4A9ABC294E54CC00C0B279 /* Natega.app */;
			productType = "com.apple.product-type.application";
		};
/* End PBXNativeTarget section */

/* Begin PBXProject section */
		4C4A9AB4294E54CC00C0B279 /* Project object */ = {
			isa = PBXProject;
			attributes = {
				BuildIndependentTargetsInParallel = 1;
				LastSwiftUpdateCheck = 1420;
				LastUpgradeCheck = 1420;
				TargetAttributes = {
					4C4A9ABB294E54CC00C0B279 = {
						CreatedOnToolsVersion = 14.2;
					};
				};
			};
			buildConfigurationList = 4C4A9AB7294E54CC00C0B279 /* Build configuration list for PBXProject "Natega" */;
			compatibilityVersion = "Xcode 14.0";
			developmentRegion = en;
			hasScannedForEncodings = 0;
			knownRegions = (
				en,
				Base,
			);
			mainGroup = 4C4A9AB3294E54CC00C0B279;
			packageReferences = (
				4C4A9AEB29575C2C00C0B279 /* XCRemoteSwiftPackageReference "UIImageColors" */,
			);
			productRefGroup = 4C4A9ABD294E54CC00C0B279 /* Products */;
			projectDirPath = "";
			projectRoot = "";
			targets = (
				4C4A9ABB294E54CC00C0B279 /* Natega */,
			);
		};
/* End PBXProject section */

/* Begin PBXResourcesBuildPhase section */
		4C4A9ABA294E54CC00C0B279 /* Resources */ = {
			isa = PBXResourcesBuildPhase;
			buildActionMask = 2147483647;
			files = (
				4C4A9AC7294E54CD00C0B279 /* Preview Assets.xcassets in Resources */,
				4C4A9AC4294E54CD00C0B279 /* Assets.xcassets in Resources */,
			);
			runOnlyForDeploymentPostprocessing = 0;
		};
/* End PBXResourcesBuildPhase section */

/* Begin PBXSourcesBuildPhase section */
		4C4A9AB8294E54CC00C0B279 /* Sources */ = {
			isa = PBXSourcesBuildPhase;
			buildActionMask = 2147483647;
			files = (
				4C4A9AC2294E54CC00C0B279 /* HomeView.swift in Sources */,
				4C4A9AEA2953818500C0B279 /* Date+Extensions.swift in Sources */,
				4C4A9AE4294E6F1B00C0B279 /* HomeViewModel.swift in Sources */,
				4C4A9AD1294E5E5F00C0B279 /* KatamerosAPI.swift in Sources */,
				4C4A9ADD294E6D5B00C0B279 /* Assembler.swift in Sources */,
				4C4A9AE6294E722600C0B279 /* AppCompositionRoot.swift in Sources */,
				4C4A9AC0294E54CC00C0B279 /* NategaApp.swift in Sources */,
				4C4A9AD6294E631C00C0B279 /* FeastModel.swift in Sources */,
				4C4A9AE2294E6DCB00C0B279 /* HomeAssembler.swift in Sources */,
				4C4A9AD8294E660700C0B279 /* KatamerosRepository.swift in Sources */,
				4C4A9ADA294E66BB00C0B279 /* LoadFeastInfoUseCase.swift in Sources */,
			);
			runOnlyForDeploymentPostprocessing = 0;
		};
/* End PBXSourcesBuildPhase section */

/* Begin XCBuildConfiguration section */
		4C4A9AC8294E54CD00C0B279 /* Debug */ = {
			isa = XCBuildConfiguration;
			buildSettings = {
				ALWAYS_SEARCH_USER_PATHS = NO;
				CLANG_ANALYZER_NONNULL = YES;
				CLANG_ANALYZER_NUMBER_OBJECT_CONVERSION = YES_AGGRESSIVE;
				CLANG_CXX_LANGUAGE_STANDARD = "gnu++20";
				CLANG_ENABLE_MODULES = YES;
				CLANG_ENABLE_OBJC_ARC = YES;
				CLANG_ENABLE_OBJC_WEAK = YES;
				CLANG_WARN_BLOCK_CAPTURE_AUTORELEASING = YES;
				CLANG_WARN_BOOL_CONVERSION = YES;
				CLANG_WARN_COMMA = YES;
				CLANG_WARN_CONSTANT_CONVERSION = YES;
				CLANG_WARN_DEPRECATED_OBJC_IMPLEMENTATIONS = YES;
				CLANG_WARN_DIRECT_OBJC_ISA_USAGE = YES_ERROR;
				CLANG_WARN_DOCUMENTATION_COMMENTS = YES;
				CLANG_WARN_EMPTY_BODY = YES;
				CLANG_WARN_ENUM_CONVERSION = YES;
				CLANG_WARN_INFINITE_RECURSION = YES;
				CLANG_WARN_INT_CONVERSION = YES;
				CLANG_WARN_NON_LITERAL_NULL_CONVERSION = YES;
				CLANG_WARN_OBJC_IMPLICIT_RETAIN_SELF = YES;
				CLANG_WARN_OBJC_LITERAL_CONVERSION = YES;
				CLANG_WARN_OBJC_ROOT_CLASS = YES_ERROR;
				CLANG_WARN_QUOTED_INCLUDE_IN_FRAMEWORK_HEADER = YES;
				CLANG_WARN_RANGE_LOOP_ANALYSIS = YES;
				CLANG_WARN_STRICT_PROTOTYPES = YES;
				CLANG_WARN_SUSPICIOUS_MOVE = YES;
				CLANG_WARN_UNGUARDED_AVAILABILITY = YES_AGGRESSIVE;
				CLANG_WARN_UNREACHABLE_CODE = YES;
				CLANG_WARN__DUPLICATE_METHOD_MATCH = YES;
				COPY_PHASE_STRIP = NO;
				DEBUG_INFORMATION_FORMAT = dwarf;
				ENABLE_STRICT_OBJC_MSGSEND = YES;
				ENABLE_TESTABILITY = YES;
				GCC_C_LANGUAGE_STANDARD = gnu11;
				GCC_DYNAMIC_NO_PIC = NO;
				GCC_NO_COMMON_BLOCKS = YES;
				GCC_OPTIMIZATION_LEVEL = 0;
				GCC_PREPROCESSOR_DEFINITIONS = (
					"DEBUG=1",
					"$(inherited)",
				);
				GCC_WARN_64_TO_32_BIT_CONVERSION = YES;
				GCC_WARN_ABOUT_RETURN_TYPE = YES_ERROR;
				GCC_WARN_UNDECLARED_SELECTOR = YES;
				GCC_WARN_UNINITIALIZED_AUTOS = YES_AGGRESSIVE;
				GCC_WARN_UNUSED_FUNCTION = YES;
				GCC_WARN_UNUSED_VARIABLE = YES;
				IPHONEOS_DEPLOYMENT_TARGET = 15.0;
				MTL_ENABLE_DEBUG_INFO = INCLUDE_SOURCE;
				MTL_FAST_MATH = YES;
				ONLY_ACTIVE_ARCH = YES;
				SDKROOT = iphoneos;
				SWIFT_ACTIVE_COMPILATION_CONDITIONS = DEBUG;
				SWIFT_OPTIMIZATION_LEVEL = "-Onone";
			};
			name = Debug;
		};
		4C4A9AC9294E54CD00C0B279 /* Release */ = {
			isa = XCBuildConfiguration;
			buildSettings = {
				ALWAYS_SEARCH_USER_PATHS = NO;
				CLANG_ANALYZER_NONNULL = YES;
				CLANG_ANALYZER_NUMBER_OBJECT_CONVERSION = YES_AGGRESSIVE;
				CLANG_CXX_LANGUAGE_STANDARD = "gnu++20";
				CLANG_ENABLE_MODULES = YES;
				CLANG_ENABLE_OBJC_ARC = YES;
				CLANG_ENABLE_OBJC_WEAK = YES;
				CLANG_WARN_BLOCK_CAPTURE_AUTORELEASING = YES;
				CLANG_WARN_BOOL_CONVERSION = YES;
				CLANG_WARN_COMMA = YES;
				CLANG_WARN_CONSTANT_CONVERSION = YES;
				CLANG_WARN_DEPRECATED_OBJC_IMPLEMENTATIONS = YES;
				CLANG_WARN_DIRECT_OBJC_ISA_USAGE = YES_ERROR;
				CLANG_WARN_DOCUMENTATION_COMMENTS = YES;
				CLANG_WARN_EMPTY_BODY = YES;
				CLANG_WARN_ENUM_CONVERSION = YES;
				CLANG_WARN_INFINITE_RECURSION = YES;
				CLANG_WARN_INT_CONVERSION = YES;
				CLANG_WARN_NON_LITERAL_NULL_CONVERSION = YES;
				CLANG_WARN_OBJC_IMPLICIT_RETAIN_SELF = YES;
				CLANG_WARN_OBJC_LITERAL_CONVERSION = YES;
				CLANG_WARN_OBJC_ROOT_CLASS = YES_ERROR;
				CLANG_WARN_QUOTED_INCLUDE_IN_FRAMEWORK_HEADER = YES;
				CLANG_WARN_RANGE_LOOP_ANALYSIS = YES;
				CLANG_WARN_STRICT_PROTOTYPES = YES;
				CLANG_WARN_SUSPICIOUS_MOVE = YES;
				CLANG_WARN_UNGUARDED_AVAILABILITY = YES_AGGRESSIVE;
				CLANG_WARN_UNREACHABLE_CODE = YES;
				CLANG_WARN__DUPLICATE_METHOD_MATCH = YES;
				COPY_PHASE_STRIP = NO;
				DEBUG_INFORMATION_FORMAT = "dwarf-with-dsym";
				ENABLE_NS_ASSERTIONS = NO;
				ENABLE_STRICT_OBJC_MSGSEND = YES;
				GCC_C_LANGUAGE_STANDARD = gnu11;
				GCC_NO_COMMON_BLOCKS = YES;
				GCC_WARN_64_TO_32_BIT_CONVERSION = YES;
				GCC_WARN_ABOUT_RETURN_TYPE = YES_ERROR;
				GCC_WARN_UNDECLARED_SELECTOR = YES;
				GCC_WARN_UNINITIALIZED_AUTOS = YES_AGGRESSIVE;
				GCC_WARN_UNUSED_FUNCTION = YES;
				GCC_WARN_UNUSED_VARIABLE = YES;
				IPHONEOS_DEPLOYMENT_TARGET = 15.0;
				MTL_ENABLE_DEBUG_INFO = NO;
				MTL_FAST_MATH = YES;
				SDKROOT = iphoneos;
				SWIFT_COMPILATION_MODE = wholemodule;
				SWIFT_OPTIMIZATION_LEVEL = "-O";
				VALIDATE_PRODUCT = YES;
			};
			name = Release;
		};
		4C4A9ACB294E54CD00C0B279 /* Debug */ = {
			isa = XCBuildConfiguration;
			buildSettings = {
				ASSETCATALOG_COMPILER_APPICON_NAME = AppIcon;
				ASSETCATALOG_COMPILER_GLOBAL_ACCENT_COLOR_NAME = AccentColor;
				CODE_SIGN_STYLE = Automatic;
				CURRENT_PROJECT_VERSION = 1;
				DEVELOPMENT_ASSET_PATHS = "\"Natega/Preview Content\"";
				DEVELOPMENT_TEAM = 76YKNW8C9R;
				ENABLE_PREVIEWS = YES;
				GENERATE_INFOPLIST_FILE = YES;
				INFOPLIST_FILE = Natega/Info.plist;
				INFOPLIST_KEY_UIApplicationSupportsIndirectInputEvents = YES;
				INFOPLIST_KEY_UILaunchScreen_Generation = YES;
				INFOPLIST_KEY_UIRequiresFullScreen = YES;
				INFOPLIST_KEY_UISupportedInterfaceOrientations = UIInterfaceOrientationPortrait;
				IPHONEOS_DEPLOYMENT_TARGET = 15.0;
				LD_RUNPATH_SEARCH_PATHS = (
					"$(inherited)",
					"@executable_path/Frameworks",
				);
				MARKETING_VERSION = 1.0;
				PRODUCT_BUNDLE_IDENTIFIER = com.nikola.Natega;
				PRODUCT_NAME = "$(TARGET_NAME)";
				SUPPORTED_PLATFORMS = "iphoneos iphonesimulator";
				SUPPORTS_MACCATALYST = NO;
				SUPPORTS_MAC_DESIGNED_FOR_IPHONE_IPAD = NO;
				SWIFT_EMIT_LOC_STRINGS = YES;
				SWIFT_VERSION = 5.0;
				TARGETED_DEVICE_FAMILY = 1;
			};
			name = Debug;
		};
		4C4A9ACC294E54CD00C0B279 /* Release */ = {
			isa = XCBuildConfiguration;
			buildSettings = {
				ASSETCATALOG_COMPILER_APPICON_NAME = AppIcon;
				ASSETCATALOG_COMPILER_GLOBAL_ACCENT_COLOR_NAME = AccentColor;
				CODE_SIGN_STYLE = Automatic;
				CURRENT_PROJECT_VERSION = 1;
				DEVELOPMENT_ASSET_PATHS = "\"Natega/Preview Content\"";
				DEVELOPMENT_TEAM = 76YKNW8C9R;
				ENABLE_PREVIEWS = YES;
				GENERATE_INFOPLIST_FILE = YES;
				INFOPLIST_FILE = Natega/Info.plist;
				INFOPLIST_KEY_UIApplicationSupportsIndirectInputEvents = YES;
				INFOPLIST_KEY_UILaunchScreen_Generation = YES;
				INFOPLIST_KEY_UIRequiresFullScreen = YES;
				INFOPLIST_KEY_UISupportedInterfaceOrientations = UIInterfaceOrientationPortrait;
				IPHONEOS_DEPLOYMENT_TARGET = 15.0;
				LD_RUNPATH_SEARCH_PATHS = (
					"$(inherited)",
					"@executable_path/Frameworks",
				);
				MARKETING_VERSION = 1.0;
				PRODUCT_BUNDLE_IDENTIFIER = com.nikola.Natega;
				PRODUCT_NAME = "$(TARGET_NAME)";
				SUPPORTED_PLATFORMS = "iphoneos iphonesimulator";
				SUPPORTS_MACCATALYST = NO;
				SUPPORTS_MAC_DESIGNED_FOR_IPHONE_IPAD = NO;
				SWIFT_EMIT_LOC_STRINGS = YES;
				SWIFT_VERSION = 5.0;
				TARGETED_DEVICE_FAMILY = 1;
			};
			name = Release;
		};
/* End XCBuildConfiguration section */

/* Begin XCConfigurationList section */
		4C4A9AB7294E54CC00C0B279 /* Build configuration list for PBXProject "Natega" */ = {
			isa = XCConfigurationList;
			buildConfigurations = (
				4C4A9AC8294E54CD00C0B279 /* Debug */,
				4C4A9AC9294E54CD00C0B279 /* Release */,
			);
			defaultConfigurationIsVisible = 0;
			defaultConfigurationName = Release;
		};
		4C4A9ACA294E54CD00C0B279 /* Build configuration list for PBXNativeTarget "Natega" */ = {
			isa = XCConfigurationList;
			buildConfigurations = (
				4C4A9ACB294E54CD00C0B279 /* Debug */,
				4C4A9ACC294E54CD00C0B279 /* Release */,
			);
			defaultConfigurationIsVisible = 0;
			defaultConfigurationName = Release;
		};
/* End XCConfigurationList section */

/* Begin XCRemoteSwiftPackageReference section */
		4C4A9AEB29575C2C00C0B279 /* XCRemoteSwiftPackageReference "UIImageColors" */ = {
			isa = XCRemoteSwiftPackageReference;
			repositoryURL = "https://github.com/jathu/UIImageColors";
			requirement = {
				kind = upToNextMajorVersion;
				minimumVersion = 2.0.0;
			};
		};
/* End XCRemoteSwiftPackageReference section */

/* Begin XCSwiftPackageProductDependency section */
		4C4A9AEC29575C2C00C0B279 /* UIImageColors */ = {
			isa = XCSwiftPackageProductDependency;
			package = 4C4A9AEB29575C2C00C0B279 /* XCRemoteSwiftPackageReference "UIImageColors" */;
			productName = UIImageColors;
		};
/* End XCSwiftPackageProductDependency section */
	};
	rootObject = 4C4A9AB4294E54CC00C0B279 /* Project object */;
}
